// !$*UTF8*$!
{
	archiveVersion = 1;
	classes = {
	};
	objectVersion = 46;
	objects = {

/* Begin PBXBuildFile section */
		0EDFF5001A4EE51F00A9B0F1 /* main.m in Sources */ = {isa = PBXBuildFile; fileRef = 0EDFF4FF1A4EE51F00A9B0F1 /* main.m */; };
/* End PBXBuildFile section */

/* Begin PBXCopyFilesBuildPhase section */
		0EDFF4FA1A4EE51F00A9B0F1 /* CopyFiles */ = {
			isa = PBXCopyFilesBuildPhase;
			buildActionMask = 2147483647;
			dstPath = /usr/share/man/man1/;
			dstSubfolderSpec = 0;
			files = (
			);
			runOnlyForDeploymentPostprocessing = 1;
		};
/* End PBXCopyFilesBuildPhase section */

/* Begin PBXFileReference section */
		0EDFF4FC1A4EE51F00A9B0F1 /* PrintString */ = {isa = PBXFileReference; explicitFileType = "compiled.mach-o.executable"; includeInIndex = 0; path = PrintString; sourceTree = BUILT_PRODUCTS_DIR; };
		0EDFF4FF1A4EE51F00A9B0F1 /* main.m */ = {isa = PBXFileReference; lastKnownFileType = sourcecode.c.objc; path = main.m; sourceTree = "<group>"; };
/* End PBXFileReference section */

/* Begin PBXFrameworksBuildPhase section */
		0EDFF4F91A4EE51F00A9B0F1 /* Frameworks */ = {
			isa = PBXFrameworksBuildPhase;
			buildActionMask = 2147483647;
			files = (
			);
			runOnlyForDeploymentPostprocessing = 0;
		};
/* End PBXFrameworksBuildPhase section */

/* Begin PBXGroup section */
		0EDFF4F31A4EE51F00A9B0F1 = {
			isa = PBXGroup;
			children = (
				0EDFF4FE1A4EE51F00A9B0F1 /* PrintString */,
				0EDFF4FD1A4EE51F00A9B0F1 /* Products */,
			);
			sourceTree = "<group>";
		};
		0EDFF4FD1A4EE51F00A9B0F1 /* Products */ = {
			isa = PBXGroup;
			children = (
				0EDFF4FC1A4EE51F00A9B0F1 /* PrintString */,
			);
			name = Products;
			sourceTree = "<group>";
		};
		0EDFF4FE1A4EE51F00A9B0F1 /* PrintString */ = {
			isa = PBXGroup;
			children = (
				0EDFF4FF1A4EE51F00A9B0F1 /* main.m */,
			);
			path = PrintString;
			sourceTree = "<group>";
		};
/* End PBXGroup section */

/* Begin PBXNativeTarget section */
		0EDFF4FB1A4EE51F00A9B0F1 /* PrintString */ = {
			isa = PBXNativeTarget;
			buildConfigurationList = 0EDFF5031A4EE51F00A9B0F1 /* Build configuration list for PBXNativeTarget "PrintString" */;
			buildPhases = (
				0EDFF4F81A4EE51F00A9B0F1 /* Sources */,
				0EDFF4F91A4EE51F00A9B0F1 /* Frameworks */,
				0EDFF4FA1A4EE51F00A9B0F1 /* CopyFiles */,
			);
			buildRules = (
			);
			dependencies = (
			);
			name = PrintString;
			productName = PrintString;
			productReference = 0EDFF4FC1A4EE51F00A9B0F1 /* PrintString */;
			productType = "com.apple.product-type.tool";
		};
/* End PBXNativeTarget section */

/* Begin PBXProject section */
		0EDFF4F41A4EE51F00A9B0F1 /* Project object */ = {
			isa = PBXProject;
			attributes = {
				LastUpgradeCheck = 0610;
				ORGANIZATIONNAME = NiYao;
				TargetAttributes = {
					0EDFF4FB1A4EE51F00A9B0F1 = {
						CreatedOnToolsVersion = 6.1.1;
					};
				};
			};
			buildConfigurationList = 0EDFF4F71A4EE51F00A9B0F1 /* Build configuration list for PBXProject "PrintString" */;
			compatibilityVersion = "Xcode 3.2";
			developmentRegion = English;
			hasScannedForEncodings = 0;
			knownRegions = (
				en,
			);
			mainGroup = 0EDFF4F31A4EE51F00A9B0F1;
			productRefGroup = 0EDFF4FD1A4EE51F00A9B0F1 /* Products */;
			projectDirPath = "";
			projectRoot = "";
			targets = (
				0EDFF4FB1A4EE51F00A9B0F1 /* PrintString */,
			);
		};
/* End PBXProject section */

/* Begin PBXSourcesBuildPhase section */
		0EDFF4F81A4EE51F00A9B0F1 /* Sources */ = {
			isa = PBXSourcesBuildPhase;
			buildActionMask = 2147483647;
			files = (
				0EDFF5001A4EE51F00A9B0F1 /* main.m in Sources */,
			);
			runOnlyForDeploymentPostprocessing = 0;
		};
/* End PBXSourcesBuildPhase section */

/* Begin XCBuildConfiguration section */
		0EDFF5011A4EE51F00A9B0F1 /* Debug */ = {
			isa = XCBuildConfiguration;
			buildSettings = {
				ALWAYS_SEARCH_USER_PATHS = NO;
				CLANG_CXX_LANGUAGE_STANDARD = "gnu++0x";
				CLANG_CXX_LIBRARY = "libc++";
				CLANG_ENABLE_MODULES = YES;
				CLANG_ENABLE_OBJC_ARC = YES;
				CLANG_WARN_BOOL_CONVERSION = YES;
				CLANG_WARN_CONSTANT_CONVERSION = YES;
				CLANG_WARN_DIRECT_OBJC_ISA_USAGE = YES_ERROR;
				CLANG_WARN_EMPTY_BODY = YES;
				CLANG_WARN_ENUM_CONVERSION = YES;
				CLANG_WARN_INT_CONVERSION = YES;
				CLANG_WARN_OBJC_ROOT_CLASS = YES_ERROR;
				CLANG_WARN_UNREACHABLE_CODE = YES;
				CLANG_WARN__DUPLICATE_METHOD_MATCH = YES;
				COPY_PHASE_STRIP = NO;
				ENABLE_STRICT_OBJC_MSGSEND = YES;
				GCC_C_LANGUAGE_STANDARD = gnu99;
				GCC_DYNAMIC_NO_PIC = NO;
				GCC_OPTIMIZATION_LEVEL = 0;
				GCC_PREPROCESSOR_DEFINITIONS = (
					"DEBUG=1",
					"$(inherited)",
				);
				GCC_SYMBOLS_PRIVATE_EXTERN = NO;
				GCC_WARN_64_TO_32_BIT_CONVERSION = YES;
				GCC_WARN_ABOUT_RETURN_TYPE = YES_ERROR;
				GCC_WARN_UNDECLARED_SELECTOR = YES;
				GCC_WARN_UNINITIALIZED_AUTOS = YES_AGGRESSIVE;
				GCC_WARN_UNUSED_FUNCTION = YES;
				GCC_WARN_UNUSED_VARIABLE = YES;
				MACOSX_DEPLOYMENT_TARGET = 10.10;
				MTL_ENABLE_DEBUG_INFO = YES;
				ONLY_ACTIVE_ARCH = YES;
				SDKROOT = macosx;
			};
			name = Debug;
		};
		0EDFF5021A4EE51F00A9B0F1 /* Release */ = {
			isa = XCBuildConfiguration;
			buildSettings = {
				ALWAYS_SEARCH_USER_PATHS = NO;
				CLANG_CXX_LANGUAGE_STANDARD = "gnu++0x";
				CLANG_CXX_LIBRARY = "libc++";
				CLANG_ENABLE_MODULES = YES;
				CLANG_ENABLE_OBJC_ARC = YES;
				CLANG_WARN_BOOL_CONVERSION = YES;
				CLANG_WARN_CONSTANT_CONVERSION = YES;
				CLANG_WARN_DIRECT_OBJC_ISA_USAGE = YES_ERROR;
				CLANG_WARN_EMPTY_BODY = YES;
				CLANG_WARN_ENUM_CONVERSION = YES;
				CLANG_WARN_INT_CONVERSION = YES;
				CLANG_WARN_OBJC_ROOT_CLASS = YES_ERROR;
				CLANG_WARN_UNREACHABLE_CODE = YES;
				CLANG_WARN__DUPLICATE_METHOD_MATCH = YES;
				COPY_PHASE_STRIP = YES;
				DEBUG_INFORMATION_FORMAT = "dwarf-with-dsym";
				ENABLE_NS_ASSERTIONS = NO;
				ENABLE_STRICT_OBJC_MSGSEND = YES;
				GCC_C_LANGUAGE_STANDARD = gnu99;
				GCC_WARN_64_TO_32_BIT_CONVERSION = YES;
				GCC_WARN_ABOUT_RETURN_TYPE = YES_ERROR;
				GCC_WARN_UNDECLARED_SELECTOR = YES;
				GCC_WARN_UNINITIALIZED_AUTOS = YES_AGGRESSIVE;
				GCC_WARN_UNUSED_FUNCTION = YES;
				GCC_WARN_UNUSED_VARIABLE = YES;
				MACOSX_DEPLOYMENT_TARGET = 10.10;
				MTL_ENABLE_DEBUG_INFO = NO;
				SDKROOT = macosx;
			};
			name = Release;
		};
		0EDFF5041A4EE51F00A9B0F1 /* Debug */ = {
			isa = XCBuildConfiguration;
			buildSettings = {
				PRODUCT_NAME = "$(TARGET_NAME)";
			};
			name = Debug;
		};
		0EDFF5051A4EE51F00A9B0F1 /* Release */ = {
			isa = XCBuildConfiguration;
			buildSettings = {
				PRODUCT_NAME = "$(TARGET_NAME)";
			};
			name = Release;
		};
/* End XCBuildConfiguration section */

/* Begin XCConfigurationList section */
		0EDFF4F71A4EE51F00A9B0F1 /* Build configuration list for PBXProject "PrintString" */ = {
			isa = XCConfigurationList;
			buildConfigurations = (
				0EDFF5011A4EE51F00A9B0F1 /* Debug */,
				0EDFF5021A4EE51F00A9B0F1 /* Release */,
			);
			defaultConfigurationIsVisible = 0;
			defaultConfigurationName = Release;
		};
		0EDFF5031A4EE51F00A9B0F1 /* Build configuration list for PBXNativeTarget "PrintString" */ = {
			isa = XCConfigurationList;
			buildConfigurations = (
				0EDFF5041A4EE51F00A9B0F1 /* Debug */,
				0EDFF5051A4EE51F00A9B0F1 /* Release */,
			);
			defaultConfigurationIsVisible = 0;
		};
/* End XCConfigurationList section */
	};
	rootObject = 0EDFF4F41A4EE51F00A9B0F1 /* Project object */;
}
